{
    "_meta": {
        "hash": {
            "sha256": "10fdb961aad584bda012b4823c3c4b689423f2ef30edfdfa109f1270a1084ea5"
        },
        "pipfile-spec": 6,
        "requires": {
            "python_version": "3.10"
        },
        "sources": [
            {
                "name": "pypi",
                "url": "https://pypi.org/simple",
                "verify_ssl": true
            }
        ]
    },
    "default": {},
    "develop": {}
}
