{
    "_meta": {
        "hash": {
            "sha256": "88d333ef93adabe758fe587e459c97ccea2ebe1d36a8d39c91fdd38caffc618a"
        },
        "pipfile-spec": 6,
        "requires": {
            "python_full_version": "3.10.9",
            "python_version": "3.10"
        },
        "sources": [
            {
                "name": "pypi",
                "url": "https://pypi.org/simple",
                "verify_ssl": true
            }
        ]
    },
    "default": {
        "darkdetect": {
            "hashes": [
                "sha256:3efe69f8ecd5f1b7f4fbb0d1d93f656b0e493c45cc49222380ffe2a529cbc866",
                "sha256:47be3cf5134432ddb616bbffc927237718407914993c82809983e7ccebf49013"
            ],
            "version": "==0.7.1"
        },
        "pyqt6": {
            "hashes": [
                "sha256:18d1daf98d9236d55102cdadafd1056f5802f3c9288fcf7238569937b71a89f0",
                "sha256:25bd399b4a95dce65d5f937c1aa85d3c7e14a21745ae2a4ca14c0116cd104290",
                "sha256:740244f608fe15ee1d89695c43f31a14caeca41c4f02ac36c86dfba4a5d5813d",
                "sha256:c128bc0f17833e324593e3db83e99470d451a197dd17ff0333927b946c935bd9"
            ],
            "index": "pypi",
            "version": "==6.4.2"
        },
        "pyqt6-qt6": {
            "hashes": [
                "sha256:27cc19976c872ae7111fcab8a9e9eae8c5ec5e55bfb6938a379551148b85f5b0",
                "sha256:96f30cca49af18f6863c66576b90f2f29987dc35397994d0575b197226c5b328",
                "sha256:b0151097aa93235676c0f83ce23916ee31ca8584bd1b45923725068404542cc2",
                "sha256:b133bbc53e1cc05aafd78bfd3a577826481a976021d041c1c57d7dadc7de1c11"
            ],
            "version": "==6.4.3"
        },
        "pyqt6-sip": {
            "hashes": [
                "sha256:0df998f2b6ceeacfd10de773441572e215be0c9cae566cc7dd36e231bf714a12",
                "sha256:224575e84805c4317bacd5d1b8e93e0ad5c48685dadbbe1e902d4ebe16f22828",
                "sha256:36ae29cdc223cacc1257d0f5075cf81474550c6d26b728f922487a2aa935f130",
                "sha256:3a674c591d4274d4ea8127205290e927a7dab0eb87a0038d4f4ea1d430782649",
                "sha256:3ef9392e4ae29d393b79237d85840cdc6b8831f36eed5d56c7d9b329b380cc8d",
                "sha256:43935873d60f57719632840d517afee04ef8f30e92cfe0dadc7e6326691920fc",
                "sha256:5731f22618435654352ef07684549a17be82b75254227fc80b4b5b0b59fc6656",
                "sha256:5bc4beb6fb1de4c9ba8beee7b1a4a813fa888c3b095206dafcd25d7e6e4ed2a7",
                "sha256:5c36ab984402e96792eebf4b031abfaa589aa20af3190a79c54502c16964d97e",
                "sha256:a2a0461992c6657f343308b150c4d6b57e9e7a0e5c2f79538434e7fb869ea827",
                "sha256:a81490ee84d7a41a126b116081bd97d758f41bf706aee0a8cec24d6e4c660184",
                "sha256:e00e287ea05bbc293fc6e2198301962af9b7b622bd2daf4288f925a88ae35dc9",
                "sha256:e670a7b2fb7e32204ce67d274017bfff3e21139d217d60cebbfcb75b019c91ee",
                "sha256:ee06f255787a0b4957f357f93b78d2a11ca3761916833e3afa83f1381d4d1a46",
                "sha256:fbee0d554e0e98f56dbf6d94b00a28cc32425938ad7ae98fd91f8822c5b24d45",
                "sha256:fcc6d78314783f4a193f02353f431b7ea4d357f47c3c7a7d0740e723f69c64dc"
            ],
            "markers": "python_version >= '3.7'",
            "version": "==13.4.1"
        },
        "pyqtdarktheme": {
            "hashes": [
                "sha256:5f8274ddfa3a5481ed9743cdb0f9debfeb7ff695b3a0d202a8104361d17dadb8",
                "sha256:8739d99502230fbaca42551ea033c9ae31c81c4ebfec2f1ffde38f32a18bea7a"
            ],
            "index": "pypi",
            "version": "==2.1.0"
        }
    },
    "develop": {
        "mypy": {
            "hashes": [
                "sha256:0a28a76785bf57655a8ea5eb0540a15b0e781c807b5aa798bd463779988fa1d5",
                "sha256:19ba15f9627a5723e522d007fe708007bae52b93faab00f95d72f03e1afa9598",
                "sha256:21b437be1c02712a605591e1ed1d858aba681757a1e55fe678a15c2244cd68a5",
                "sha256:26cdd6a22b9b40b2fd71881a8a4f34b4d7914c679f154f43385ca878a8297389",
                "sha256:2888ce4fe5aae5a673386fa232473014056967f3904f5abfcf6367b5af1f612a",
                "sha256:2b0c373d071593deefbcdd87ec8db91ea13bd8f1328d44947e88beae21e8d5e9",
                "sha256:315ac73cc1cce4771c27d426b7ea558fb4e2836f89cb0296cbe056894e3a1f78",
                "sha256:39c7119335be05630611ee798cc982623b9e8f0cff04a0b48dfc26100e0b97af",
                "sha256:4b398d8b1f4fba0e3c6463e02f8ad3346f71956b92287af22c9b12c3ec965a9f",
                "sha256:4e4e8b362cdf99ba00c2b218036002bdcdf1e0de085cdb296a49df03fb31dfc4",
                "sha256:59bbd71e5c58eed2e992ce6523180e03c221dcd92b52f0e792f291d67b15a71c",
                "sha256:5b5f81b40d94c785f288948c16e1f2da37203c6006546c5d947aab6f90aefef2",
                "sha256:5cb14ff9919b7df3538590fc4d4c49a0f84392237cbf5f7a816b4161c061829e",
                "sha256:61bf08362e93b6b12fad3eab68c4ea903a077b87c90ac06c11e3d7a09b56b9c1",
                "sha256:64cc3afb3e9e71a79d06e3ed24bb508a6d66f782aff7e56f628bf35ba2e0ba51",
                "sha256:69b35d1dcb5707382810765ed34da9db47e7f95b3528334a3c999b0c90fe523f",
                "sha256:9401e33814cec6aec8c03a9548e9385e0e228fc1b8b0a37b9ea21038e64cdd8a",
                "sha256:a380c041db500e1410bb5b16b3c1c35e61e773a5c3517926b81dfdab7582be54",
                "sha256:ae9ceae0f5b9059f33dbc62dea087e942c0ccab4b7a003719cb70f9b8abfa32f",
                "sha256:b7c7b708fe9a871a96626d61912e3f4ddd365bf7f39128362bc50cbd74a634d5",
                "sha256:c1c10fa12df1232c936830839e2e935d090fc9ee315744ac33b8a32216b93707",
                "sha256:ce61663faf7a8e5ec6f456857bfbcec2901fbdb3ad958b778403f63b9e606a1b",
                "sha256:d64c28e03ce40d5303450f547e07418c64c241669ab20610f273c9e6290b4b0b",
                "sha256:d809f88734f44a0d44959d795b1e6f64b2bbe0ea4d9cc4776aa588bb4229fc1c",
                "sha256:dbb19c9f662e41e474e0cff502b7064a7edc6764f5262b6cd91d698163196799",
                "sha256:ef6a01e563ec6a4940784c574d33f6ac1943864634517984471642908b30b6f7"
            ],
            "index": "pypi",
            "version": "==1.1.1"
        },
        "mypy-extensions": {
            "hashes": [
                "sha256:4392f6c0eb8a5668a69e23d168ffa70f0be9ccfd32b5cc2d26a34ae5b844552d",
                "sha256:75dbf8955dc00442a438fc4d0666508a9a97b6bd41aa2f0ffe9d2f2725af0782"
            ],
            "markers": "python_version >= '3.5'",
            "version": "==1.0.0"
        },
        "tomli": {
            "hashes": [
                "sha256:939de3e7a6161af0c887ef91b7d41a53e7c5a1ca976325f429cb46ea9bc30ecc",
                "sha256:de526c12914f0c550d15924c62d72abc48d6fe7364aa87328337a31007fe8a4f"
            ],
            "markers": "python_version < '3.11'",
            "version": "==2.0.1"
        },
        "typing-extensions": {
            "hashes": [
                "sha256:5cb5f4a79139d699607b3ef622a1dedafa84e115ab0024e0d9c044a9479ca7cb",
                "sha256:fb33085c39dd998ac16d1431ebc293a8b3eedd00fd4a32de0ff79002c19511b4"
            ],
            "markers": "python_version >= '3.7'",
            "version": "==4.5.0"
        }
    }
}
